
Microsoft Visual Studio Solution File, Format Version 12.00
# Visual Studio Version 17
VisualStudioVersion = 17.5.33502.453
MinimumVisualStudioVersion = 10.0.40219.1
Project("{FAE04EC0-301F-11D3-BF4B-00C04F79EFBC}") = "SwinAdventure", "SwinAdventure.csproj", "{6B32E259-A5DC-431D-BBAD-EF60D327620E}"
EndProject
Project("{9A19103F-16F7-4668-BE54-9A1E7A4F7556}") = "SwinAdventureTest", "UnitTest\SwinAdventureTest.csproj", "{7DD24445-C592-4C26-ABE0-BF48CDB8984D}"
EndProject
Global
	GlobalSection(SolutionConfigurationPlatforms) = preSolution
		Debug|Any CPU = Debug|Any CPU
		Release|Any CPU = Release|Any CPU
	EndGlobalSection
	GlobalSection(ProjectConfigurationPlatforms) = postSolution
		{6B32E259-A5DC-431D-BBAD-EF60D327620E}.Debug|Any CPU.ActiveCfg = Debug|Any CPU
		{6B32E259-A5DC-431D-BBAD-EF60D327620E}.Debug|Any CPU.Build.0 = Debug|Any CPU
		{6B32E259-A5DC-431D-BBAD-EF60D327620E}.Release|Any CPU.ActiveCfg = Release|Any CPU
		{6B32E259-A5DC-431D-BBAD-EF60D327620E}.Release|Any CPU.Build.0 = Release|Any CPU
		{7DD24445-C592-4C26-ABE0-BF48CDB8984D}.Debug|Any CPU.ActiveCfg = Debug|Any CPU
		{7DD24445-C592-4C26-ABE0-BF48CDB8984D}.Debug|Any CPU.Build.0 = Debug|Any CPU
		{7DD24445-C592-4C26-ABE0-BF48CDB8984D}.Release|Any CPU.ActiveCfg = Release|Any CPU
		{7DD24445-C592-4C26-ABE0-BF48CDB8984D}.Release|Any CPU.Build.0 = Release|Any CPU
	EndGlobalSection
	GlobalSection(SolutionProperties) = preSolution
		HideSolutionNode = FALSE
	EndGlobalSection
	GlobalSection(ExtensibilityGlobals) = postSolution
		SolutionGuid = {E0E4C6F9-F910-4759-9EA8-7800502B007A}
	EndGlobalSection
EndGlobal
